
Microsoft Visual Studio Solution File, Format Version 12.00
# Visual Studio Version 17
VisualStudioVersion = 17.10.35027.167
MinimumVisualStudioVersion = 10.0.40219.1
Project("{FAE04EC0-301F-11D3-BF4B-00C04F79EFBC}") = "Less04", "Less04\Less04.csproj", "{980733B0-599F-4B53-934C-20105B032B4B}"
EndProject
Global
	GlobalSection(SolutionConfigurationPlatforms) = preSolution
		Debug|Any CPU = Debug|Any CPU
		Release|Any CPU = Release|Any CPU
	EndGlobalSection
	GlobalSection(ProjectConfigurationPlatforms) = postSolution
		{980733B0-599F-4B53-934C-20105B032B4B}.Debug|Any CPU.ActiveCfg = Debug|Any CPU
		{980733B0-599F-4B53-934C-20105B032B4B}.Debug|Any CPU.Build.0 = Debug|Any CPU
		{980733B0-599F-4B53-934C-20105B032B4B}.Release|Any CPU.ActiveCfg = Release|Any CPU
		{980733B0-599F-4B53-934C-20105B032B4B}.Release|Any CPU.Build.0 = Release|Any CPU
	EndGlobalSection
	GlobalSection(SolutionProperties) = preSolution
		HideSolutionNode = FALSE
	EndGlobalSection
	GlobalSection(ExtensibilityGlobals) = postSolution
		SolutionGuid = {DD881B6F-1F3B-4322-9720-5467BA2742D9}
	EndGlobalSection
EndGlobal
